
Microsoft Visual Studio Solution File, Format Version 12.00
# Visual Studio Version 16
VisualStudioVersion = 16.0.30523.141
MinimumVisualStudioVersion = 10.0.40219.1
Project("{11A8DD76-328B-46DF-9F39-F559912D0360}") = "NFApp1", "NFApp1.nfproj", "{9809F1BC-D572-4418-B773-7720738C7D38}"
EndProject
Project("{11A8DD76-328B-46DF-9F39-F559912D0360}") = "NFClassLibrary1", "..\NFClassLibrary1\NFClassLibrary1.nfproj", "{0DD8D262-DB7C-4CB5-A170-58D7ABD907D2}"
EndProject
Project("{FAE04EC0-301F-11D3-BF4B-00C04F79EFBC}") = "App1.Android", "..\App1\App1.Android\App1.Android.csproj", "{D3EF3E29-AD5E-4685-A725-6658AEF7C630}"
EndProject
Project("{FAE04EC0-301F-11D3-BF4B-00C04F79EFBC}") = "App1.iOS", "..\App1\App1.iOS\App1.iOS.csproj", "{D6C2D9EE-5274-4B26-B257-499B3271D1D1}"
EndProject
Project("{FAE04EC0-301F-11D3-BF4B-00C04F79EFBC}") = "App1", "..\App1\App1\App1.csproj", "{25E40C93-60DF-45C6-A477-840B82F27D09}"
EndProject
Global
	GlobalSection(SolutionConfigurationPlatforms) = preSolution
		Debug|Any CPU = Debug|Any CPU
		Debug|iPhone = Debug|iPhone
		Debug|iPhoneSimulator = Debug|iPhoneSimulator
		Release|Any CPU = Release|Any CPU
		Release|iPhone = Release|iPhone
		Release|iPhoneSimulator = Release|iPhoneSimulator
	EndGlobalSection
	GlobalSection(ProjectConfigurationPlatforms) = postSolution
		{9809F1BC-D572-4418-B773-7720738C7D38}.Debug|Any CPU.ActiveCfg = Debug|Any CPU
		{9809F1BC-D572-4418-B773-7720738C7D38}.Debug|Any CPU.Build.0 = Debug|Any CPU
		{9809F1BC-D572-4418-B773-7720738C7D38}.Debug|Any CPU.Deploy.0 = Debug|Any CPU
		{9809F1BC-D572-4418-B773-7720738C7D38}.Debug|iPhone.ActiveCfg = Debug|Any CPU
		{9809F1BC-D572-4418-B773-7720738C7D38}.Debug|iPhone.Build.0 = Debug|Any CPU
		{9809F1BC-D572-4418-B773-7720738C7D38}.Debug|iPhone.Deploy.0 = Debug|Any CPU
		{9809F1BC-D572-4418-B773-7720738C7D38}.Debug|iPhoneSimulator.ActiveCfg = Debug|Any CPU
		{9809F1BC-D572-4418-B773-7720738C7D38}.Debug|iPhoneSimulator.Build.0 = Debug|Any CPU
		{9809F1BC-D572-4418-B773-7720738C7D38}.Debug|iPhoneSimulator.Deploy.0 = Debug|Any CPU
		{9809F1BC-D572-4418-B773-7720738C7D38}.Release|Any CPU.ActiveCfg = Release|Any CPU
		{9809F1BC-D572-4418-B773-7720738C7D38}.Release|Any CPU.Build.0 = Release|Any CPU
		{9809F1BC-D572-4418-B773-7720738C7D38}.Release|Any CPU.Deploy.0 = Release|Any CPU
		{9809F1BC-D572-4418-B773-7720738C7D38}.Release|iPhone.ActiveCfg = Release|Any CPU
		{9809F1BC-D572-4418-B773-7720738C7D38}.Release|iPhone.Build.0 = Release|Any CPU
		{9809F1BC-D572-4418-B773-7720738C7D38}.Release|iPhone.Deploy.0 = Release|Any CPU
		{9809F1BC-D572-4418-B773-7720738C7D38}.Release|iPhoneSimulator.ActiveCfg = Release|Any CPU
		{9809F1BC-D572-4418-B773-7720738C7D38}.Release|iPhoneSimulator.Build.0 = Release|Any CPU
		{9809F1BC-D572-4418-B773-7720738C7D38}.Release|iPhoneSimulator.Deploy.0 = Release|Any CPU
		{0DD8D262-DB7C-4CB5-A170-58D7ABD907D2}.Debug|Any CPU.ActiveCfg = Debug|Any CPU
		{0DD8D262-DB7C-4CB5-A170-58D7ABD907D2}.Debug|Any CPU.Build.0 = Debug|Any CPU
		{0DD8D262-DB7C-4CB5-A170-58D7ABD907D2}.Debug|Any CPU.Deploy.0 = Debug|Any CPU
		{0DD8D262-DB7C-4CB5-A170-58D7ABD907D2}.Debug|iPhone.ActiveCfg = Debug|Any CPU
		{0DD8D262-DB7C-4CB5-A170-58D7ABD907D2}.Debug|iPhone.Build.0 = Debug|Any CPU
		{0DD8D262-DB7C-4CB5-A170-58D7ABD907D2}.Debug|iPhone.Deploy.0 = Debug|Any CPU
		{0DD8D262-DB7C-4CB5-A170-58D7ABD907D2}.Debug|iPhoneSimulator.ActiveCfg = Debug|Any CPU
		{0DD8D262-DB7C-4CB5-A170-58D7ABD907D2}.Debug|iPhoneSimulator.Build.0 = Debug|Any CPU
		{0DD8D262-DB7C-4CB5-A170-58D7ABD907D2}.Debug|iPhoneSimulator.Deploy.0 = Debug|Any CPU
		{0DD8D262-DB7C-4CB5-A170-58D7ABD907D2}.Release|Any CPU.ActiveCfg = Release|Any CPU
		{0DD8D262-DB7C-4CB5-A170-58D7ABD907D2}.Release|Any CPU.Build.0 = Release|Any CPU
		{0DD8D262-DB7C-4CB5-A170-58D7ABD907D2}.Release|Any CPU.Deploy.0 = Release|Any CPU
		{0DD8D262-DB7C-4CB5-A170-58D7ABD907D2}.Release|iPhone.ActiveCfg = Release|Any CPU
		{0DD8D262-DB7C-4CB5-A170-58D7ABD907D2}.Release|iPhone.Build.0 = Release|Any CPU
		{0DD8D262-DB7C-4CB5-A170-58D7ABD907D2}.Release|iPhone.Deploy.0 = Release|Any CPU
		{0DD8D262-DB7C-4CB5-A170-58D7ABD907D2}.Release|iPhoneSimulator.ActiveCfg = Release|Any CPU
		{0DD8D262-DB7C-4CB5-A170-58D7ABD907D2}.Release|iPhoneSimulator.Build.0 = Release|Any CPU
		{0DD8D262-DB7C-4CB5-A170-58D7ABD907D2}.Release|iPhoneSimulator.Deploy.0 = Release|Any CPU
		{D3EF3E29-AD5E-4685-A725-6658AEF7C630}.Debug|Any CPU.ActiveCfg = Debug|Any CPU
		{D3EF3E29-AD5E-4685-A725-6658AEF7C630}.Debug|Any CPU.Build.0 = Debug|Any CPU
		{D3EF3E29-AD5E-4685-A725-6658AEF7C630}.Debug|Any CPU.Deploy.0 = Debug|Any CPU
		{D3EF3E29-AD5E-4685-A725-6658AEF7C630}.Debug|iPhone.ActiveCfg = Debug|Any CPU
		{D3EF3E29-AD5E-4685-A725-6658AEF7C630}.Debug|iPhone.Build.0 = Debug|Any CPU
		{D3EF3E29-AD5E-4685-A725-6658AEF7C630}.Debug|iPhone.Deploy.0 = Debug|Any CPU
		{D3EF3E29-AD5E-4685-A725-6658AEF7C630}.Debug|iPhoneSimulator.ActiveCfg = Debug|Any CPU
		{D3EF3E29-AD5E-4685-A725-6658AEF7C630}.Debug|iPhoneSimulator.Build.0 = Debug|Any CPU
		{D3EF3E29-AD5E-4685-A725-6658AEF7C630}.Debug|iPhoneSimulator.Deploy.0 = Debug|Any CPU
		{D3EF3E29-AD5E-4685-A725-6658AEF7C630}.Release|Any CPU.ActiveCfg = Release|Any CPU
		{D3EF3E29-AD5E-4685-A725-6658AEF7C630}.Release|Any CPU.Build.0 = Release|Any CPU
		{D3EF3E29-AD5E-4685-A725-6658AEF7C630}.Release|Any CPU.Deploy.0 = Release|Any CPU
		{D3EF3E29-AD5E-4685-A725-6658AEF7C630}.Release|iPhone.ActiveCfg = Release|Any CPU
		{D3EF3E29-AD5E-4685-A725-6658AEF7C630}.Release|iPhone.Build.0 = Release|Any CPU
		{D3EF3E29-AD5E-4685-A725-6658AEF7C630}.Release|iPhone.Deploy.0 = Release|Any CPU
		{D3EF3E29-AD5E-4685-A725-6658AEF7C630}.Release|iPhoneSimulator.ActiveCfg = Release|Any CPU
		{D3EF3E29-AD5E-4685-A725-6658AEF7C630}.Release|iPhoneSimulator.Build.0 = Release|Any CPU
		{D3EF3E29-AD5E-4685-A725-6658AEF7C630}.Release|iPhoneSimulator.Deploy.0 = Release|Any CPU
		{D6C2D9EE-5274-4B26-B257-499B3271D1D1}.Debug|Any CPU.ActiveCfg = Debug|iPhoneSimulator
		{D6C2D9EE-5274-4B26-B257-499B3271D1D1}.Debug|iPhone.ActiveCfg = Debug|iPhone
		{D6C2D9EE-5274-4B26-B257-499B3271D1D1}.Debug|iPhone.Build.0 = Debug|iPhone
		{D6C2D9EE-5274-4B26-B257-499B3271D1D1}.Debug|iPhoneSimulator.ActiveCfg = Debug|iPhoneSimulator
		{D6C2D9EE-5274-4B26-B257-499B3271D1D1}.Debug|iPhoneSimulator.Build.0 = Debug|iPhoneSimulator
		{D6C2D9EE-5274-4B26-B257-499B3271D1D1}.Release|Any CPU.ActiveCfg = Release|iPhoneSimulator
		{D6C2D9EE-5274-4B26-B257-499B3271D1D1}.Release|iPhone.ActiveCfg = Release|iPhone
		{D6C2D9EE-5274-4B26-B257-499B3271D1D1}.Release|iPhone.Build.0 = Release|iPhone
		{D6C2D9EE-5274-4B26-B257-499B3271D1D1}.Release|iPhoneSimulator.ActiveCfg = Release|iPhoneSimulator
		{D6C2D9EE-5274-4B26-B257-499B3271D1D1}.Release|iPhoneSimulator.Build.0 = Release|iPhoneSimulator
		{25E40C93-60DF-45C6-A477-840B82F27D09}.Debug|Any CPU.ActiveCfg = Debug|Any CPU
		{25E40C93-60DF-45C6-A477-840B82F27D09}.Debug|Any CPU.Build.0 = Debug|Any CPU
		{25E40C93-60DF-45C6-A477-840B82F27D09}.Debug|iPhone.ActiveCfg = Debug|Any CPU
		{25E40C93-60DF-45C6-A477-840B82F27D09}.Debug|iPhone.Build.0 = Debug|Any CPU
		{25E40C93-60DF-45C6-A477-840B82F27D09}.Debug|iPhoneSimulator.ActiveCfg = Debug|Any CPU
		{25E40C93-60DF-45C6-A477-840B82F27D09}.Debug|iPhoneSimulator.Build.0 = Debug|Any CPU
		{25E40C93-60DF-45C6-A477-840B82F27D09}.Release|Any CPU.ActiveCfg = Release|Any CPU
		{25E40C93-60DF-45C6-A477-840B82F27D09}.Release|Any CPU.Build.0 = Release|Any CPU
		{25E40C93-60DF-45C6-A477-840B82F27D09}.Release|iPhone.ActiveCfg = Release|Any CPU
		{25E40C93-60DF-45C6-A477-840B82F27D09}.Release|iPhone.Build.0 = Release|Any CPU
		{25E40C93-60DF-45C6-A477-840B82F27D09}.Release|iPhoneSimulator.ActiveCfg = Release|Any CPU
		{25E40C93-60DF-45C6-A477-840B82F27D09}.Release|iPhoneSimulator.Build.0 = Release|Any CPU
	EndGlobalSection
	GlobalSection(SolutionProperties) = preSolution
		HideSolutionNode = FALSE
	EndGlobalSection
	GlobalSection(ExtensibilityGlobals) = postSolution
		SolutionGuid = {AE80643E-956D-496E-9458-919E48896FD9}
	EndGlobalSection
EndGlobal
